
Microsoft Visual Studio Solution File, Format Version 12.00
# Visual Studio Version 17
VisualStudioVersion = 17.0.31903.59
MinimumVisualStudioVersion = 10.0.40219.1
Project("{FAE04EC0-301F-11D3-BF4B-00C04F79EFBC}") = "CURD_Example.Android", "CURD_Example.Android\CURD_Example.Android.csproj", "{63C047DC-D347-4651-9B58-B87AAEC71699}"
EndProject
Project("{FAE04EC0-301F-11D3-BF4B-00C04F79EFBC}") = "CURD_Example.iOS", "CURD_Example.iOS\CURD_Example.iOS.csproj", "{794086FF-F7C7-49B0-8F3E-650826103D6C}"
EndProject
Project("{FAE04EC0-301F-11D3-BF4B-00C04F79EFBC}") = "CURD_Example", "CURD_Example\CURD_Example.csproj", "{56F787B4-2DE9-4879-A3D2-CD36E5CACB53}"
EndProject
Global
	GlobalSection(SolutionConfigurationPlatforms) = preSolution
		Debug|Any CPU = Debug|Any CPU
		Debug|iPhone = Debug|iPhone
		Debug|iPhoneSimulator = Debug|iPhoneSimulator
		Release|Any CPU = Release|Any CPU
		Release|iPhone = Release|iPhone
		Release|iPhoneSimulator = Release|iPhoneSimulator
	EndGlobalSection
	GlobalSection(ProjectConfigurationPlatforms) = postSolution
		{63C047DC-D347-4651-9B58-B87AAEC71699}.Debug|Any CPU.ActiveCfg = Debug|Any CPU
		{63C047DC-D347-4651-9B58-B87AAEC71699}.Debug|Any CPU.Build.0 = Debug|Any CPU
		{63C047DC-D347-4651-9B58-B87AAEC71699}.Debug|Any CPU.Deploy.0 = Debug|Any CPU
		{63C047DC-D347-4651-9B58-B87AAEC71699}.Debug|iPhone.ActiveCfg = Debug|Any CPU
		{63C047DC-D347-4651-9B58-B87AAEC71699}.Debug|iPhone.Build.0 = Debug|Any CPU
		{63C047DC-D347-4651-9B58-B87AAEC71699}.Debug|iPhone.Deploy.0 = Debug|Any CPU
		{63C047DC-D347-4651-9B58-B87AAEC71699}.Debug|iPhoneSimulator.ActiveCfg = Debug|Any CPU
		{63C047DC-D347-4651-9B58-B87AAEC71699}.Debug|iPhoneSimulator.Build.0 = Debug|Any CPU
		{63C047DC-D347-4651-9B58-B87AAEC71699}.Debug|iPhoneSimulator.Deploy.0 = Debug|Any CPU
		{63C047DC-D347-4651-9B58-B87AAEC71699}.Release|Any CPU.ActiveCfg = Release|Any CPU
		{63C047DC-D347-4651-9B58-B87AAEC71699}.Release|Any CPU.Build.0 = Release|Any CPU
		{63C047DC-D347-4651-9B58-B87AAEC71699}.Release|Any CPU.Deploy.0 = Release|Any CPU
		{63C047DC-D347-4651-9B58-B87AAEC71699}.Release|iPhone.ActiveCfg = Release|Any CPU
		{63C047DC-D347-4651-9B58-B87AAEC71699}.Release|iPhone.Build.0 = Release|Any CPU
		{63C047DC-D347-4651-9B58-B87AAEC71699}.Release|iPhone.Deploy.0 = Release|Any CPU
		{63C047DC-D347-4651-9B58-B87AAEC71699}.Release|iPhoneSimulator.ActiveCfg = Release|Any CPU
		{63C047DC-D347-4651-9B58-B87AAEC71699}.Release|iPhoneSimulator.Build.0 = Release|Any CPU
		{63C047DC-D347-4651-9B58-B87AAEC71699}.Release|iPhoneSimulator.Deploy.0 = Release|Any CPU
		{794086FF-F7C7-49B0-8F3E-650826103D6C}.Debug|Any CPU.ActiveCfg = Debug|iPhone
		{794086FF-F7C7-49B0-8F3E-650826103D6C}.Debug|Any CPU.Build.0 = Debug|iPhone
		{794086FF-F7C7-49B0-8F3E-650826103D6C}.Debug|Any CPU.Deploy.0 = Debug|iPhone
		{794086FF-F7C7-49B0-8F3E-650826103D6C}.Debug|iPhone.ActiveCfg = Debug|iPhone
		{794086FF-F7C7-49B0-8F3E-650826103D6C}.Debug|iPhone.Build.0 = Debug|iPhone
		{794086FF-F7C7-49B0-8F3E-650826103D6C}.Debug|iPhone.Deploy.0 = Debug|iPhone
		{794086FF-F7C7-49B0-8F3E-650826103D6C}.Debug|iPhoneSimulator.ActiveCfg = Debug|iPhoneSimulator
		{794086FF-F7C7-49B0-8F3E-650826103D6C}.Debug|iPhoneSimulator.Build.0 = Debug|iPhoneSimulator
		{794086FF-F7C7-49B0-8F3E-650826103D6C}.Debug|iPhoneSimulator.Deploy.0 = Debug|iPhoneSimulator
		{794086FF-F7C7-49B0-8F3E-650826103D6C}.Release|Any CPU.ActiveCfg = Release|iPhoneSimulator
		{794086FF-F7C7-49B0-8F3E-650826103D6C}.Release|Any CPU.Build.0 = Release|iPhoneSimulator
		{794086FF-F7C7-49B0-8F3E-650826103D6C}.Release|Any CPU.Deploy.0 = Release|iPhoneSimulator
		{794086FF-F7C7-49B0-8F3E-650826103D6C}.Release|iPhone.ActiveCfg = Release|iPhone
		{794086FF-F7C7-49B0-8F3E-650826103D6C}.Release|iPhone.Build.0 = Release|iPhone
		{794086FF-F7C7-49B0-8F3E-650826103D6C}.Release|iPhone.Deploy.0 = Release|iPhone
		{794086FF-F7C7-49B0-8F3E-650826103D6C}.Release|iPhoneSimulator.ActiveCfg = Release|iPhoneSimulator
		{794086FF-F7C7-49B0-8F3E-650826103D6C}.Release|iPhoneSimulator.Build.0 = Release|iPhoneSimulator
		{794086FF-F7C7-49B0-8F3E-650826103D6C}.Release|iPhoneSimulator.Deploy.0 = Release|iPhoneSimulator
		{56F787B4-2DE9-4879-A3D2-CD36E5CACB53}.Debug|Any CPU.ActiveCfg = Debug|Any CPU
		{56F787B4-2DE9-4879-A3D2-CD36E5CACB53}.Debug|Any CPU.Build.0 = Debug|Any CPU
		{56F787B4-2DE9-4879-A3D2-CD36E5CACB53}.Debug|Any CPU.Deploy.0 = Debug|Any CPU
		{56F787B4-2DE9-4879-A3D2-CD36E5CACB53}.Debug|iPhone.ActiveCfg = Debug|Any CPU
		{56F787B4-2DE9-4879-A3D2-CD36E5CACB53}.Debug|iPhone.Build.0 = Debug|Any CPU
		{56F787B4-2DE9-4879-A3D2-CD36E5CACB53}.Debug|iPhone.Deploy.0 = Debug|Any CPU
		{56F787B4-2DE9-4879-A3D2-CD36E5CACB53}.Debug|iPhoneSimulator.ActiveCfg = Debug|Any CPU
		{56F787B4-2DE9-4879-A3D2-CD36E5CACB53}.Debug|iPhoneSimulator.Build.0 = Debug|Any CPU
		{56F787B4-2DE9-4879-A3D2-CD36E5CACB53}.Debug|iPhoneSimulator.Deploy.0 = Debug|Any CPU
		{56F787B4-2DE9-4879-A3D2-CD36E5CACB53}.Release|Any CPU.ActiveCfg = Release|Any CPU
		{56F787B4-2DE9-4879-A3D2-CD36E5CACB53}.Release|Any CPU.Build.0 = Release|Any CPU
		{56F787B4-2DE9-4879-A3D2-CD36E5CACB53}.Release|Any CPU.Deploy.0 = Release|Any CPU
		{56F787B4-2DE9-4879-A3D2-CD36E5CACB53}.Release|iPhone.ActiveCfg = Release|Any CPU
		{56F787B4-2DE9-4879-A3D2-CD36E5CACB53}.Release|iPhone.Build.0 = Release|Any CPU
		{56F787B4-2DE9-4879-A3D2-CD36E5CACB53}.Release|iPhone.Deploy.0 = Release|Any CPU
		{56F787B4-2DE9-4879-A3D2-CD36E5CACB53}.Release|iPhoneSimulator.ActiveCfg = Release|Any CPU
		{56F787B4-2DE9-4879-A3D2-CD36E5CACB53}.Release|iPhoneSimulator.Build.0 = Release|Any CPU
		{56F787B4-2DE9-4879-A3D2-CD36E5CACB53}.Release|iPhoneSimulator.Deploy.0 = Release|Any CPU
	EndGlobalSection
	GlobalSection(SolutionProperties) = preSolution
		HideSolutionNode = FALSE
	EndGlobalSection
	GlobalSection(ExtensibilityGlobals) = postSolution
		SolutionGuid = {AF81B4C7-C1FF-40CA-B840-4BE1C7D19E2C}
	EndGlobalSection
EndGlobal
